{
    "_meta": {
        "hash": {
            "sha256": "17d52dd8c728228a2347b2c9a869e0193b29e18a8eb49ef1262d5488df509b82"
        },
        "pipfile-spec": 6,
        "requires": {
            "python_version": "3.12"
        },
        "sources": [
            {
                "name": "pypi",
                "url": "https://pypi.org/simple",
                "verify_ssl": true
            }
        ]
    },
    "default": {
        "glcontext": {
            "hashes": [
                "sha256:0e7db3961200f3cf607ac68eb0df0640e5d538f1c029c6d9433722ee04f37960",
                "sha256:0e9c890c0fee8ff5c5ec356b0382093e8519a8bdf99ba5ced9f2ac641a37d4ec",
                "sha256:0f70d4be0cdd2b532a16da76c8f786b6367754a4086aaadffdbf3e37badbad02",
                "sha256:1204fe22c96d9b36299fac20de7d9319e018e80770964e3d71375853d1b5373d",
                "sha256:136ab0d4f966adc7a2f397e8f17debf3da18afb4b5b8684db59ea9c9452fe2f6",
                "sha256:16057bf3736f38005a7f700188a50de597cd86650d6718a115bd835d69ba554b",
                "sha256:1914d44374d7ee94df779681218639324ab79b3b8e27e8fb6154a8db55e3928e",
                "sha256:194b2657f46310cd86662d946d85162710b43e4abbef800c83a61f44b09352ad",
                "sha256:198d6f80a271668995f595492b7cde0e7f354e927398d85c20976a7eaf18742b",
                "sha256:1abdc499c59e4a1dd59e321151171ecb583f3fac07af428c47a8b8e3ce5ff5bf",
                "sha256:1aee2105c66d1a5470d2c2de7d80977c67ee2b2cf4db6fa2b3dcbd586b888b51",
                "sha256:2342642732609c7cb3d681771e096fe769df58e49bdb3348bfc9f5732103c444",
                "sha256:23700a43c3ced889d8ac18cb7902a76096634761f87d8139ca956bcadc3feabd",
                "sha256:25da4a8a8707f88e66d1597c5f03be31b354b6d6186907ad06b4735f981aa25e",
                "sha256:2f71d800e8d720fa52aeeebf22d066c17528d756234e586d48b8c82b2fd65372",
                "sha256:352cf17ade6ea429bd548384ea715024124bb83fdbf3ea06f69f53b6a9e3111f",
                "sha256:3ba303e28a54491cd49caa6f0626b3f1992160ca1d82c2347ce30c50a16ee9b6",
                "sha256:3e0f3fbbe483f3e671ae04698a2d38234cb9a5682d2edd49d5bce08a32d48ff1",
                "sha256:41a3fa100962ac8733835dd15163e102d165bf65d9247b98e5bcbaa90e94666d",
                "sha256:433e14a9c3d368c51940a480d4f548b671ad339d5efa0604bd0d5236fae4e564",
                "sha256:464f2296474ec07318466f2381748c8259c8a587c5fcd6485ad53bbe1702363b",
                "sha256:47dc72cb63f35523f0fa6a27fcb819c3aa19e96c01a2ee8594132ffa834fab18",
                "sha256:54e9f848ad21a471e970a0e1eedd3b85025821a0d3c4d63d09d2b97f1a7280b8",
                "sha256:586778f6d476f34b8ddbb99d77b65cb7126cd3f501a2cb1e6e12f0bc997ca9b8",
                "sha256:5c056bfbc4af86337837fbea0899b1c439673b9e2bf9aaaf78862cb68ccaeb41",
                "sha256:60343a07fd30c024c6889687d10524c4b9f321c3991666e6c23eb0e695f60ae1",
                "sha256:675091975c2bf8b59e9c41d1daa6684006162c3cf3d9e2a1acda31b35181d9d2",
                "sha256:6abae09cadd947c9b3e39c424517eb76e4d6caeca9415c44b290f3425ffb51da",
                "sha256:7017ac46784adce071cdcda5e3ce07523bbc10186c0c9cc3120aba91f0633817",
                "sha256:73828d76e764f9d22704dd0304f27ec6af18cb075de0df201a23f1456d2b502e",
                "sha256:73c289fdfce7e8b736034f75e206be8bcc6144d132e910c816e33d2419b984b7",
                "sha256:74530549706fabbaecab437102c9d490adba8e27e4ca01bb9ce0050b0d558ff9",
                "sha256:762ee1231f1c5896c527ce29c76921e4868a9f21b0f305b048516a479fe500bf",
                "sha256:7669583276cc2b4e38b1f62f5d10afdde518ffd5ff6ccfabf22157e081a0abe6",
                "sha256:798bc74604e306386f858be11aa1fe47c88296ac6fb9b5718a1c5a4cfb24416c",
                "sha256:7a7962f89350966966a4a5628fd4861a81dc4f76014571567a54db4c1573e04d",
                "sha256:7d50c62fae0af1b19daa95571d52a5c56f3f1537483f105b4d092be5eb160c9d",
                "sha256:811276496f46f3f9b204e43a9d35c6213f1f0a8e58d8da203d477e21e8367fc0",
                "sha256:837ae9ed985dc8185b7f7ac62bc2727d58806f1eb125b3766f576a3957aa078b",
                "sha256:8ba64f9c14009132625b7b1f1b8545298c6ddd1d3abc78618b0f9553c219d053",
                "sha256:916fa56a544f57ff3d53cc60d3d1f0da66c67e6cf5092e3d7ef8bbaedd47a266",
                "sha256:942486de098c035dad9165e4cb6ad6342edb8c98b11ee5cdfe97088c7c6840aa",
                "sha256:9519f31c464cf1ab1232411e8700829d5bad1fb79470fde99d0aa25296cd4ec7",
                "sha256:95e6805475552254d9e1a65c2433c150e364da0081dcc6fa79d90bf74665384b",
                "sha256:9ac01ea37deb27cc53a15eb9a8ec30389cd5421c668842e0197360a502448e11",
                "sha256:9cacc6b068f74f789729dc0512611b6889a95cf6f2ff4c90aea1f741010e0d7a",
                "sha256:9eee5426fad207fb1c572ee7e4b8341ee8f6529189f06cbd32b132ee4de31a8e",
                "sha256:a4441744dadf811f923ab2aff52ba2dc175b6f99bcc208e362399461c96c085f",
                "sha256:ab8dd3d2ea53ce6735dd9915d69572b7dd001f7fe2d35d362182e69b923193e4",
                "sha256:b1200d841b7a1ef1051fafe6aad6a472c784bc4fb906375160b0efa7d7acae71",
                "sha256:b95675cd7c16249fde2ea9690c8b2bd39a551b67e9929eeecfdbcbc82d9c6fc4",
                "sha256:bd0f159c01dfaab990fedb9672f4be040ae7fe066afb2ce7413c63afa9475f38",
                "sha256:be62e4ce64c7f72730fccbb09efb37b3aad4e54b6f547b18161233c2a9bf9fc2",
                "sha256:bf968a827c04d5210afc2a84d825719fa3025fd9def4aea4820e75a607d09ccf",
                "sha256:c36383ef0f21a179cfd7d6907eb04d7736b724a231a7199edec194528c986b0c",
                "sha256:c73882865f3daf8a02fae1486c933146dc2f1bb8de3be26907b145523df4afc1",
                "sha256:cbe2684a689cc77e659e90254dcd897af773ddda43308196c7db889d8558f9d1",
                "sha256:cc2a13791007d18b71fc9eccd3423be0a3d5c16b8d1ac4410767665a9824cc21",
                "sha256:cf928dfbed4fceb3a816452828e8745e46b8348869c0fdda312f6c73f0796906",
                "sha256:ec64bc8a6cdfb51c91c601b0d82744bfa85637fe6259f3587f73d67b5d124937",
                "sha256:efc8a1ec7f6cdc205515e2e4e6ba0a02c2f7207a1340cce80960d63002785405",
                "sha256:f10a15975c1798bbe4f2d783e1b9c0e32f0dbdc7829a73dce21efb3ee1e24867",
                "sha256:f3a8e3022da94316a4bb44e064d85e4b05c13f9eef6e68f6395644122a362ec0",
                "sha256:f435118eabef929e5281bf609eeaae343a0d3f7e34c2a4b0f026451f63a8baab",
                "sha256:fb33a0e3d2d7a1c3f51652489ed4d1ad16fa71ca1452bf4f983f14446d062592",
                "sha256:fe0be5cf5a9598379e994d7d96d84ce506e6a7680a098c1f1112de7aaa036ebd"
            ],
            "version": "==2.5.0"
        },
        "moderngl": {
            "hashes": [
                "sha256:01a932fb195fd48a3a9e850397b6b952f48aa238f9da24073730f53c31773665",
                "sha256:02828648a362ac6d399f4babeb156cf1ccdc94053c94c9d80cbf436365f15877",
                "sha256:046a85cc3cffbdac5a45ed53c8f10c601e4737a172e3c1307a05b3693733d6e0",
                "sha256:111dd17837ec3a62a38fb8fb78376a09dcb39910554ed0df45fbb3db84d1db4e",
                "sha256:119c8d364dde3cd8d1c09f237ed4916617ba759954a1952df4694e51ee4f6511",
                "sha256:160fcabf2a98057608fdde72105f23495d204dd643aab1083ed8f775fde70a25",
                "sha256:164d03e4a54d36cfa17165e1aa61f321068b84b5792e55490b447929bcdf973c",
                "sha256:17ea8080802252b0bed60bf0490321c8c6a0d4cfad4b0924e967a7c802c6396e",
                "sha256:1996348331a458d79e60efe6c21e9b1997f338913cd441a4b40635f8202ffed5",
                "sha256:1d116513974c7f2177cab352678d8db1f3181385000bd10c6c2d8e3892c4a2c3",
                "sha256:249e9e2e82f8ef8f8167ddede17e19c9255d81b3327e3e875842fa4779b8bbc7",
                "sha256:28c45e477cc2e47189bc6696b73777072d4c76ad59de4f8fd027ba5c6561b2c0",
                "sha256:319e8a5baf1fc681b541666bbbb3eb3df0bd127be96ffd751bc995cef7c1ffe3",
                "sha256:33b0bbd26319cdef724326997484768eb092f223245edc394541cafe59523568",
                "sha256:3c3600f33d453b77c3f577f46585807eab3a7c14d9b4555c6c553ee883794223",
                "sha256:3dc94d9ca08d712650ca465ca355bab49ad2a3a2ab4841f90f00cc575c09d760",
                "sha256:3e4de1d3fffb39b6d790b3713602f05772976e2cb2c6ad4eb91dd0ce19689906",
                "sha256:3fd5e3ff2eda7d8152e2191d281ed9744708789049c9feaf32e3f8480ad36ac6",
                "sha256:461b4185b56fc318d42f965160809f08955b8e857545c99cfa89a6734044d256",
                "sha256:48a71dcaa94b2d9d89cff53d76b7b7ba8b98b9c98983851968710d143c29260b",
                "sha256:51e7732ae0af7cb367db3f211808aeacde4d4d02da09a5e1413c7a505f44b63a",
                "sha256:5dd8802df9e33e035ff11428a0b813ce9d3ba7e6c852685b30dbe6d6ecf78219",
                "sha256:5f00c5e8e94d4fc8e74bc0e91ce120e5b83c9d470d33db96f2ccd54d8ffd84bf",
                "sha256:61cd81ec6914745e416c2d9feec25541a9f800aeb387952ec73569ced3054ff9",
                "sha256:6421d352685fe3f54641efb03c7f10f1c8e9e99739ccb6f09cd7fded13cf6530",
                "sha256:64ede63c5b0eb598c8d4c4afc7bd1d257522f11d78765749c248f96a2994c3a4",
                "sha256:6933e00279414ea82487262b1418843c813770d34f3b49ffa491a489629d83a8",
                "sha256:6ab3d8848d926cb5768daef7b15b596f833f4a699ff9c87f92f264da9cfd5f8d",
                "sha256:6cdb4f9542536b1e23a30f5049eced10010568ff6762b381c5ee47f18d4885be",
                "sha256:6ce7020588529aba4ea8b55c0861e93f997b4a2cf310eef990942cc5fa1ec8fa",
                "sha256:70964094e98a7209a566c17264b70c9a075a11d7181d943742bfc86e2baa334d",
                "sha256:72dc0169e3264391905cebd11ed379ba45724329cebc9cd32b2d928f3a33ed5a",
                "sha256:72e3e9a5d6fb7ae25d091603b3770e53c6f0f148a2ce82a6d7c0dcd50c03f221",
                "sha256:744a4c1c6c5cd959046f000b1d0af2ec5f8e75df115b91a1e4aa07a67f531520",
                "sha256:79803b3e475b9b9eb87ebe02ccde9694b4a3aa0d988894a35e571b6c265199d6",
                "sha256:7e5e88ed0192f15600cc810726a47508a5cc97f3ddfc33aa381c8d9f2d58d54a",
                "sha256:81a287198055d2818571976e920b32975e13e1bcdbaf51ca2e13ef314b3479b2",
                "sha256:8d2b579e151a68e96f46962c85dcb0ef87c1eef78f9997a1eb38c93a05d78105",
                "sha256:90b29cf49cb9fb95176446489d9c448f9bf21d683d66b09f9f3fffcb1dbd7aed",
                "sha256:996e2963df7b9d0d82cedc80e970f4cbf214cc98b09d14cc2681f2e786477367",
                "sha256:a28a10cce3656768f1fb1f1a49a87b2b0803f30e775a9605ce2875f5ae3d740a",
                "sha256:a9e853e869c421632572a0fda929131f2c7a290ad50f45dcbcbcebca78b0d688",
                "sha256:ae28c3ca47724c023de886afc205cb73afdd5fb8593514bb58b6181504958580",
                "sha256:b8762385bc961c3e8c4d62ee3d565b70699df69674613c8815cc6a72260a455b",
                "sha256:bf4814039f365c0ad9da00fb8fb884fdce0d4e63bb042a8c1c551bce13d0ff06",
                "sha256:c9d4c3199ec68ab6dfaa931c1f851897d00b7cfc8df20fcfdb5d36427ee74d19",
                "sha256:cd11dbe2b598ff4e43424120b6bf9f222a4be095be1d37b0ea43b208937a7e67",
                "sha256:cdf92d9645f390ac3caa2d21388c04952b6df64694199bfdfcb1bad512c530bb",
                "sha256:d0b8df2d54cd81ff95a2281f88331fadce9a58b340bc03b74d178eca760805f4",
                "sha256:d31c49eb5ffeddb62d6d2b09737d7d7713faa8bc4eb293623cc625f0b4ed6020",
                "sha256:d37297241bd819f2e70747fdac3b8e8d12e1ace06078baea53164fa5b6f2c5a8",
                "sha256:d40c48e3d4af310807d10be4952b67d390aef83d9c1188a4562724b137381cd8",
                "sha256:d4e02ba34dee05bce0c6f13eff2b705f12d8b869156d16ac39146616b7b8fd75",
                "sha256:d9db7aa884a561d912a0d545d38d0d2dfe587ed8230271fac3143af5141349fe",
                "sha256:dd105d15c7b73ba972d0bbf962cd2bbb762b9937fdfdd658990c7c9d2805e183",
                "sha256:ded56b6a182b216bdd63d63b6d373c4f4a58f20816e71c53d555cde9fba366d6",
                "sha256:e3b2d4d631b0119790d3fc56a9dd6047aa5bc302b5851c0cec5e7504e6ebf5fc",
                "sha256:e8a0957053488983e853e881e4d7b1bb5cec8208956dfbe9fb6e1454113d3921",
                "sha256:e92ab93fb4d948879b8a0d2d2905493015f1f4ffb7b43aa3d9c9c88e26daa393",
                "sha256:ea8bac3464cfe63f910b76cc55f2f11194fe2325fed43edb63bed33b4aee1756",
                "sha256:ec38a4883bbfa9a094b7fec8f37c5aed031df0e060ff5451842bd4db9e30f340",
                "sha256:ed976286ff722d4de657dcad0bc14a89a07671ef1ba797b89592e733956600a3",
                "sha256:ee4777d2630b575ab5a5dd109b3ab24312e9ea793b8d5a3453f23f16a92a1851",
                "sha256:fbf3cf3034271d5cff7fe7002a05fd2b6277beee9daf9d47d7772e62daf29a8a"
            ],
            "index": "pypi",
            "markers": "python_version >= '3.7'",
            "version": "==5.10.0"
        },
        "numpy": {
            "hashes": [
                "sha256:03a8c78d01d9781b28a6989f6fa1bb2c4f2d51201cf99d3dd875df6fbd96b23b",
                "sha256:08beddf13648eb95f8d867350f6a018a4be2e5ad54c8d8caed89ebca558b2818",
                "sha256:1af303d6b2210eb850fcf03064d364652b7120803a0b872f5211f5234b399f20",
                "sha256:1dda2e7b4ec9dd512f84935c5f126c8bd8b9f2fc001e9f54af255e8c5f16b0e0",
                "sha256:2a02aba9ed12e4ac4eb3ea9421c420301a0c6460d9830d74a9df87efa4912010",
                "sha256:2e4ee3380d6de9c9ec04745830fd9e2eccb3e6cf790d39d7b98ffd19b0dd754a",
                "sha256:3373d5d70a5fe74a2c1bb6d2cfd9609ecf686d47a2d7b1d37a8f3b6bf6003aea",
                "sha256:47711010ad8555514b434df65f7d7b076bb8261df1ca9bb78f53d3b2db02e95c",
                "sha256:4c66707fabe114439db9068ee468c26bbdf909cac0fb58686a42a24de1760c71",
                "sha256:50193e430acfc1346175fcbdaa28ffec49947a06918b7b92130744e81e640110",
                "sha256:52b8b60467cd7dd1e9ed082188b4e6bb35aa5cdd01777621a1658910745b90be",
                "sha256:60dedbb91afcbfdc9bc0b1f3f402804070deed7392c23eb7a7f07fa857868e8a",
                "sha256:62b8e4b1e28009ef2846b4c7852046736bab361f7aeadeb6a5b89ebec3c7055a",
                "sha256:666dbfb6ec68962c033a450943ded891bed2d54e6755e35e5835d63f4f6931d5",
                "sha256:675d61ffbfa78604709862923189bad94014bef562cc35cf61d3a07bba02a7ed",
                "sha256:679b0076f67ecc0138fd2ede3a8fd196dddc2ad3254069bcb9faf9a79b1cebcd",
                "sha256:7349ab0fa0c429c82442a27a9673fc802ffdb7c7775fad780226cb234965e53c",
                "sha256:7ab55401287bfec946ced39700c053796e7cc0e3acbef09993a9ad2adba6ca6e",
                "sha256:7e50d0a0cc3189f9cb0aeb3a6a6af18c16f59f004b866cd2be1c14b36134a4a0",
                "sha256:95a7476c59002f2f6c590b9b7b998306fba6a5aa646b1e22ddfeaf8f78c3a29c",
                "sha256:96ff0b2ad353d8f990b63294c8986f1ec3cb19d749234014f4e7eb0112ceba5a",
                "sha256:9fad7dcb1aac3c7f0584a5a8133e3a43eeb2fe127f47e3632d43d677c66c102b",
                "sha256:9ff0f4f29c51e2803569d7a51c2304de5554655a60c5d776e35b4a41413830d0",
                "sha256:a354325ee03388678242a4d7ebcd08b5c727033fcff3b2f536aea978e15ee9e6",
                "sha256:a4abb4f9001ad2858e7ac189089c42178fcce737e4169dc61321660f1a96c7d2",
                "sha256:ab47dbe5cc8210f55aa58e4805fe224dac469cde56b9f731a4c098b91917159a",
                "sha256:afedb719a9dcfc7eaf2287b839d8198e06dcd4cb5d276a3df279231138e83d30",
                "sha256:b3ce300f3644fb06443ee2222c2201dd3a89ea6040541412b8fa189341847218",
                "sha256:b97fe8060236edf3662adfc2c633f56a08ae30560c56310562cb4f95500022d5",
                "sha256:bfe25acf8b437eb2a8b2d49d443800a5f18508cd811fea3181723922a8a82b07",
                "sha256:cd25bcecc4974d09257ffcd1f098ee778f7834c3ad767fe5db785be9a4aa9cb2",
                "sha256:d209d8969599b27ad20994c8e41936ee0964e6da07478d6c35016bc386b66ad4",
                "sha256:d5241e0a80d808d70546c697135da2c613f30e28251ff8307eb72ba696945764",
                "sha256:edd8b5fe47dab091176d21bb6de568acdd906d1887a4584a15a9a96a1dca06ef",
                "sha256:f870204a840a60da0b12273ef34f7051e98c3b5961b61b0c2c1be6dfd64fbcd3",
                "sha256:ffa75af20b44f8dba823498024771d5ac50620e6915abac414251bd971b4529f"
            ],
            "index": "pypi",
            "markers": "python_version >= '3.9'",
            "version": "==1.26.4"
        },
        "pygame": {
            "hashes": [
                "sha256:03879ec299c9f4ba23901b2649a96b2143f0a5d787f0b6c39469989e2320caf1",
                "sha256:074aa6c6e110c925f7f27f00c7733c6303407edc61d738882985091d1eb2ef17",
                "sha256:0e24d05184e4195fe5ebcdce8b18ecb086f00182b9ae460a86682d312ce8d31f",
                "sha256:1822d534bb7fe756804647b6da2c9ea5d7a62d8796b2e15d172d3be085de28c6",
                "sha256:1a2a43802bb5e89ce2b3b775744e78db4f9a201bf8d059b946c61722840ceea8",
                "sha256:1c289f2613c44fe70a1e40769de4a49c5ab5a29b9376f1692bb1a15c9c1c9bfa",
                "sha256:1f3849f97372a3381c66955f99a0d58485ccd513c3d00c030b869094ce6997a6",
                "sha256:224c308856334bc792f696e9278e50d099a87c116f7fc314cd6aa3ff99d21592",
                "sha256:263b4a7cbfc9fe2055abc21b0251cc17dea6dff750f0e1c598919ff350cdbffe",
                "sha256:2b34c73cb328024f8db3cb6487a37e54000148988275d8d6e5adf99d9323c937",
                "sha256:30a8d7cf12363b4140bf2f93b5eec4028376ca1d0fe4b550588f836279485308",
                "sha256:31648d38ecdc2335ffc0e38fb18a84b3339730521505dac68514f83a1092e3f4",
                "sha256:34646ca20e163dc6f6cf8170f1e12a2e41726780112594ac061fa448cf7ccd75",
                "sha256:35632035fd81261f2d797fa810ea8c46111bd78ceb6089d52b61ed7dc3c5d05f",
                "sha256:35cf093a51cb294ede56c29d4acf41538c00f297fcf78a9b186fb7d23c0577b6",
                "sha256:39690e9be9baf58b7359d1f3b2336e1fd6f92fedbbce42987be5df27f8d30718",
                "sha256:3b3e619e33d11c297d7a57a82db40681f9c2c3ae1d5bf06003520b4fe30c435d",
                "sha256:3b8a6e351665ed26ea791f0e1fd649d3f483e8681892caef9d471f488f9ea5ee",
                "sha256:41f8779f52e0f6e6e6ccb8f0b5536e432bf386ee29c721a1c22cada7767b0cef",
                "sha256:47a8415d2bd60e6909823b5643a1d4ef5cc29417d817f2a214b255f6fa3a1e4c",
                "sha256:485239c7d32265fd35b76ae8f64f34b0637ae11e69d76de15710c4b9edcc7c8d",
                "sha256:4f1559e7efe4efb9dc19d2d811d702f325d9605f9f6f9ececa39ee6890c798f5",
                "sha256:4ff21201df6278b8ca2e948fb148ffe88f5481fd03760f381dd61e45954c7dff",
                "sha256:5697528266b4716d9cdd44a5a1d210f4d86ef801d0f64ca5da5d0816704009d9",
                "sha256:677e37bc0ea7afd89dde5a88ced4458aa8656159c70a576eea68b5622ee1997b",
                "sha256:68c4e8e60b725ffc7a6c6ecd9bb5fcc5ed2d6e0e2a2c4a29a8454856ef16ad63",
                "sha256:6cf2257447ce7f2d6de37e5fb019d2bbe32ed05a5721ace8bc78c2d9beaf3aee",
                "sha256:6d58c8cf937815d3b7cdc0fa9590c5129cb2c9658b72d00e8a4568dea2ff1d42",
                "sha256:6fe323acbf53a0195c8c98b1b941eba7ac24e3e2b28ae48e8cda566f15fc4945",
                "sha256:74e1d6284100e294f445832e6f6343be4fe4748decc4f8a51131ae197dae8584",
                "sha256:78fcd7643358b886a44127ff7dec9041c056c212b3a98977674f83f99e9b12d3",
                "sha256:7d0a2794649defa57ef50b096a99f7113d3d0c2e32d1426cafa7d618eadce4c7",
                "sha256:88d1cdacc2d3471eceab98bf0c93c14d3a8461f93e58e3d926f20d4de3a75554",
                "sha256:9b30bc1220c457169571aac998e54b013aaeb732d2fd8744966cb1cfab1f61d1",
                "sha256:9bd738fd4ecc224769d0b4a719f96900a86578e26e0105193658a32966df2aae",
                "sha256:9dcff6cbba1584cf7732ce1dbdd044406cd4f6e296d13bcb7fba963fb4aeefc9",
                "sha256:a0769eb628c818761755eb0a0ca8216b95270ea8cbcbc82227e39ac9644643da",
                "sha256:a0bd67426c02ffe6c9827fc4bcbda9442fbc451d29b17c83a3c088c56fef2c90",
                "sha256:bc12e4dea3e88ea8a553de6d56a37b704dbe2aed95105889f6afeb4b96e62097",
                "sha256:c13edebc43c240fb0532969e914f0ccefff5ae7e50b0b788d08ad2c15ef793e4",
                "sha256:c1b89eb5d539e7ac5cf75513125fb5f2f0a2d918b1fd6e981f23bf0ac1b1c24a",
                "sha256:ce4b6c0bfe44d00bb0998a6517bd0cf9455f642f30f91bc671ad41c05bf6f6ae",
                "sha256:cf2191b756ceb0e8458a761d0c665b0c70b538570449e0d39b75a5ba94ac5cf0",
                "sha256:d29a84b2e02814b9ba925357fd2e1df78efe5e1aa64dc3051eaed95d2b96eafd",
                "sha256:d75cbbfaba2b81434d62631d0b08b85fab16cf4a36e40b80298d3868927e1299",
                "sha256:d78485c4d21133d6b2fbb504cd544ca655e50b6eb551d2995b3aa6035928adda",
                "sha256:d851247239548aa357c4a6840fb67adc2d570ce7cb56988d036a723d26b48bff",
                "sha256:daca456d5b9f52e088e06a127dec182b3638a775684fb2260f25d664351cf1ae",
                "sha256:dc346965847aef00013fa2364f41a64f068cd096dcc7778fc306ca3735f0eedf",
                "sha256:dd2d2650faf54f9a0f5bd0db8409f79609319725f8f08af6507a0609deadcad4",
                "sha256:e58e2b0c791041e4bccafa5bd7650623ba1592b8fe62ae0a276b7d0ecb314b6c",
                "sha256:e708fc8f709a0fe1d1876489345f2e443d47f3976d33455e2e1e937f972f8677",
                "sha256:ed9a3d98adafa0805ccbaaff5d2996a2b5795381285d8437a4a5d248dbd12b4a",
                "sha256:edda1f7cff4806a4fa39e0e8ccd75f38d1d340fa5fc52d8582ade87aca247d92",
                "sha256:f02c1c7505af18d426d355ac9872bd5c916b27f7b0fe224749930662bea47a50",
                "sha256:f30d1618672a55e8c6669281ba264464b3ab563158e40d89e8c8b3faa0febebd",
                "sha256:fe0228501ec616779a0b9c4299e837877783e18df294dd690b9ab0eed3d8aaab"
            ],
            "index": "pypi",
            "markers": "python_version >= '3.6'",
            "version": "==2.5.2"
        },
        "pyglm": {
            "hashes": [
                "sha256:00ad243f7e4c0a89e1a8943446592653a8dc899cbbeeeb3e33221fb146eeda0d",
                "sha256:04ab4b5325cbd9515ab6fd0c1d1d1e9c4cfc62fe7ae5c816cc82e41c2ed5ad65",
                "sha256:06b2d950e221178cc0832b5b78d91f13926d37b851bc4737f92bd5149482b487",
                "sha256:0e2bc62c3308da7c3fb80da569d8482c17929e7e4f161c0520db7db8e1238162",
                "sha256:0f42987c0eedfe6a17131e59b72133f5465eda445fc6c3e4c90c7bafe2258914",
                "sha256:117ea85a40144720436f296c8f1eacb03c33d90fac3df5af086813d7a9e04881",
                "sha256:19218d8f414c86dbf4c6b97bf8c040e2e4fd5885833fc3a5ac5e3a2a15d9afdc",
                "sha256:1a06c90b43a259584e062666c8e28f5959043e09669c84c684fca8380cf4d68b",
                "sha256:1e258d812b68be1ff7699b55d6e66430cdd35af8c06e0774b5673bc6ed913eac",
                "sha256:1f4f7d138826d95aaf32bb1414978acc6d839a09350a33c244b881c6e84bd9d5",
                "sha256:1f8950d1d6d900bde0b966248ee604219a7760766bd13ab3892f80384d53633c",
                "sha256:202964258049588469eb355bd1baeb0bffe5aa5d6fb34f4983ff465ec03a6156",
                "sha256:298ffdf5f7c638ff31ae74e547710485258de7fc2a819932b2df7cc8de5f8265",
                "sha256:2ba24cd208fedb4d1cc3a49f52c84eebc30aaae67c9f094cee75765566451f19",
                "sha256:2dd9c3c55a8070b2894b1b22bc96ed01832613f4ea984b5023b56a6b4cd6c1d1",
                "sha256:303c301139c92853cd7b280431463af7c8e0d638f7d24d248c2aa19fd1316f06",
                "sha256:311faffc2a05aa269dc0d212bf664e79a231357c8a88b95cb87312b84fe0f2cb",
                "sha256:32071c21dce494aa02a37ea4236495fb2ad9110a104c14c6b45d9b5c366886c6",
                "sha256:33398e48bedd6e8f8945c7b7b0c82495927d0c5ed1964f2ca963b30b668d9275",
                "sha256:3486bc2183c78d5fba7f8e4a26c5093bb4df5110cd09f45e7416f3afab688f72",
                "sha256:38d66b7150fd0bfe37f2d31dc67969b6c4145b3f2921ec115be3047f3350b015",
                "sha256:401ccf0ffe22c7513e4102f343e5d93f87c48fb869024b97135ee3a961c38c00",
                "sha256:40b7a96e13c782be23140f05bc4e74599fa89922df533445a69e7a392365550a",
                "sha256:449bdb7cf05f675631254886ccc58691167ac869bae29303fb9f869fe8bb3c46",
                "sha256:45427bc7fe0d164c4f5e71bcc8920e6ee8169c0d1526bc6c6274b2c21fbfe8ec",
                "sha256:455817299e431c9a95e75b0c6ef6007caf57ee12a89fbba660f3741dd4da8f88",
                "sha256:48967e750329309e93d6b4eddea4b6be21bc195c5c9914b24909090b7dddc2b5",
                "sha256:4aa958556dd26e647c67c740aee2822bd41f05f6f2ce70c4f1268e7f0a93b108",
                "sha256:4b07ab88d8108085e7998b17f72e246dc60ee195aa0967980a22a433e1c5693a",
                "sha256:4b1b3b469eeb4f988db25deae6b31ddf89cf67f7623e4a74793a4d6041832163",
                "sha256:4c4190604c5af3f65981c4d51aff2681baaa1c185d9d380daeb0ba391199ddcb",
                "sha256:5116c118f7f291ab6b19b7980f8c32be9fee9d88cf85ef1760651df3f14a2cb4",
                "sha256:567b1664942d12fb45bbd54fcd2ab128882905de859da8cd8a866f1489ae7d48",
                "sha256:583caf00a8afa07850ede7fc82547f72b532f6dfce9aed25648f655dae415f51",
                "sha256:5ae6a8dc299e77e96672c412715ceb7104d8cb162d9a6a0ae1e27699714b3202",
                "sha256:5c70210bdd103314cb635647343afc48db66e1207cbb4e389f0fe75e5ca4ae82",
                "sha256:5d7065d24c5ea85f9367d94c078399a656f643d056497f2866394077d345ec7e",
                "sha256:5f804e9394befc35f2a2a2b2d3372288206538b9c75325c128441acd0a487104",
                "sha256:60487a1b2db6307f92648e52cd5773fb3cf3d3f6112b56787e480e1109e18be9",
                "sha256:61f2eb79e17b2470e538070d3bdd81bac01399fb9065674e905636f7a0e3df57",
                "sha256:62a3615d97fc253785f246b84c23771fc1303a59a62e732bf70f144d189f63e5",
                "sha256:64b6ceca09f7881eaa9299121b343e6569d4ef300f483903801ce2f3407859c3",
                "sha256:6581986fa3908f3f7e8df8145f7e4dc52a285f0a589caf43cd40003304fe4048",
                "sha256:6833db36d6b2dc12e2a5a4dbc37f8e66c743235431af5b820f87ce35c7994052",
                "sha256:6b59d847790a7a6ade9af59d4a42c75b411fbfb1994a2c51a699f94a2b2b70ee",
                "sha256:6bf06d63629a2f0f2a85c1fac778b334ee6864d1768ac469b31a30cafa596c24",
                "sha256:750109e5a2d788395766ea6465b96762b42d779c9cb430dd75c02c447eb0379d",
                "sha256:7e448d37621641fa12469ad6c19d05d7d70bd258cea334a18e2123063f6fd1ed",
                "sha256:82f96329235da787f0c3b30239a3b6da6c7c140ac1488b3142b363d870171fd0",
                "sha256:85b713430b30a1eac179b90f59dbccb82dccba1659eab7ff5d6db6d5a07c8b7c",
                "sha256:87bf940e84d459d694ae23320a0362d2acadc317c032c54a69d761b0746a18dc",
                "sha256:890db36101cf945cc1470685ea8fed788291088cdfa425fcfdf701ee6adfd24f",
                "sha256:8dbe2abda1572796ce981eb468d91c9031813448c9e2e426e8567617ca77c3a6",
                "sha256:8ead25748e90f98f925e8c2ea5ebc52f2cea184cbb12fa95bfa35b699a4f6f75",
                "sha256:8fcc6ef1f3041618300313af8cd0ba4bb60758d083d7759b51ff6c709e935677",
                "sha256:9d9f45eb2f1e8be53a8f52317014ebd12f61a8feffbefb413ab828323f3c0bd6",
                "sha256:9e9adc73094c2607841209c08f1dc61808630f2113f7cd58003a4904fe241e56",
                "sha256:a2c36b9fffd80a25765e6917e3aecda7ab264bbfd5a8fad531c57d0c0403fda6",
                "sha256:a7253575ec5f269ee5f5e2960e5f0d5148e3e978a27ad7ecdb0b3fce22fb6f3a",
                "sha256:aa46162c9a427f7625880daf85d0bfc426792b3a5e465219967644391cfdbf82",
                "sha256:aee0a971df967677f6b761c1fd9515a2e35a4e85ba2ab147dd7bf887fb2ab026",
                "sha256:b10e46a573ce412f16fa14cca34dfca96c23e2ccf159e3202809d6e77f140758",
                "sha256:b34555f20024e5ab86ed8ec7236a8ffddd12521d3093d16fc5da1fc032bc7af7",
                "sha256:b6f75fe54190bba4d8b86a8fe0c1f4d71183c401fdc0c398129b25bc4c67a6d1",
                "sha256:bf3e062103a95a78930201df100156e6ac24eaa9bd50ed59442300ba8edf3173",
                "sha256:c5a8a9b74846118023f635f460a3d7498740996605eb25a875fe46c01e7ad23d",
                "sha256:cf719550ac93107a6c9f75bb08f9baa5d7e846fb88222985e18c4611365d48ba",
                "sha256:d3ba1bbce59dee76afceff1342bc29c0bfced2a55baf024505187d5d162a2253",
                "sha256:d5b0ba4cf238f916b24e0bb6411469d1348f66165d7121d34231799eb74820b9",
                "sha256:d87dbdc96a34e0a6f06dfccfdb012ab70249c049606cb01b1c51cd5262a0ff26",
                "sha256:dfd6a1a620eb6431034fee42ad9c6cb46633be47f271f993bd135b24953dbfd6",
                "sha256:e22b4a83e0fb36f68a1d84cfd2a95d66d053d0cc5a8aab08bcd63eb7cca11d25",
                "sha256:e391b2e7f5af43e5838bfbd1eb1d4ce13187248abc6fe462bef3f23044ef8845",
                "sha256:e6ef596e75df4dd233511a403725885443763d700a9b425408be62e1de980a75",
                "sha256:f4b34195081a6216aa6c85d56cbc6411e2d4cd6433664904bdb069b9bee18e1e",
                "sha256:f5488a46d1de944daaf043c209c149ddc59a4f1cced32ef5670062f1e0f3c813",
                "sha256:fc97b41cbb89e4135ec2abc2a1ed2fb6ee2c72eadd2e9f1dca2d9dcef90a47dc",
                "sha256:fd3e7c92ba74e76f992c6cfcbd662058c076329695713108ae54af233e6647d8",
                "sha256:ff79f9b92135e5a2c0f896ffe0878307ab8c05eb2ef90fc0b4d9a3b63bc03a6c",
                "sha256:ffd4c70ae50ec33592cc537aeb991230d5ff8dd00091dc880fb566be69776514"
            ],
            "index": "pypi",
            "version": "==2.7.1"
        }
    },
    "develop": {}
}
